
Microsoft Visual Studio Solution File, Format Version 12.00
# Visual Studio Version 16
VisualStudioVersion = 16.0.30711.63
MinimumVisualStudioVersion = 10.0.40219.1
Project("{FAE04EC0-301F-11D3-BF4B-00C04F79EFBC}") = "DB2StructToC++", "DB2StructToC++.csproj", "{157A9541-F097-43CD-856A-C7674607530B}"
EndProject
Global
	GlobalSection(SolutionConfigurationPlatforms) = preSolution
		Debug|Any CPU = Debug|Any CPU
		Release|Any CPU = Release|Any CPU
	EndGlobalSection
	GlobalSection(ProjectConfigurationPlatforms) = postSolution
		{157A9541-F097-43CD-856A-C7674607530B}.Debug|Any CPU.ActiveCfg = Debug|Any CPU
		{157A9541-F097-43CD-856A-C7674607530B}.Debug|Any CPU.Build.0 = Debug|Any CPU
		{157A9541-F097-43CD-856A-C7674607530B}.Release|Any CPU.ActiveCfg = Release|Any CPU
		{157A9541-F097-43CD-856A-C7674607530B}.Release|Any CPU.Build.0 = Release|Any CPU
	EndGlobalSection
	GlobalSection(SolutionProperties) = preSolution
		HideSolutionNode = FALSE
	EndGlobalSection
	GlobalSection(ExtensibilityGlobals) = postSolution
		SolutionGuid = {4E651D8B-243B-4E5F-B419-49A6CE3C9BC0}
	EndGlobalSection
EndGlobal
